// !$*UTF8*$!
{
	archiveVersion = 1;
	classes = {
	};
	objectVersion = 55;
	objects = {

/* Begin PBXBuildFile section */
		F894A93C27AF1E1F000CB8D3 /* AppDelegate.swift in Sources */ = {isa = PBXBuildFile; fileRef = F894A93B27AF1E1F000CB8D3 /* AppDelegate.swift */; };
		F894A93E27AF1E1F000CB8D3 /* SceneDelegate.swift in Sources */ = {isa = PBXBuildFile; fileRef = F894A93D27AF1E1F000CB8D3 /* SceneDelegate.swift */; };
		F894A94027AF1E1F000CB8D3 /* ViewController.swift in Sources */ = {isa = PBXBuildFile; fileRef = F894A93F27AF1E1F000CB8D3 /* ViewController.swift */; };
		F894A94327AF1E1F000CB8D3 /* Main.storyboard in Resources */ = {isa = PBXBuildFile; fileRef = F894A94127AF1E1F000CB8D3 /* Main.storyboard */; };
		F894A94527AF1E20000CB8D3 /* Assets.xcassets in Resources */ = {isa = PBXBuildFile; fileRef = F894A94427AF1E20000CB8D3 /* Assets.xcassets */; };
		F894A94827AF1E20000CB8D3 /* LaunchScreen.storyboard in Resources */ = {isa = PBXBuildFile; fileRef = F894A94627AF1E20000CB8D3 /* LaunchScreen.storyboard */; };
		F894A95327AF1E21000CB8D3 /* PreworkTests.swift in Sources */ = {isa = PBXBuildFile; fileRef = F894A95227AF1E21000CB8D3 /* PreworkTests.swift */; };
		F894A95D27AF1E21000CB8D3 /* PreworkUITests.swift in Sources */ = {isa = PBXBuildFile; fileRef = F894A95C27AF1E21000CB8D3 /* PreworkUITests.swift */; };
		F894A95F27AF1E21000CB8D3 /* PreworkUITestsLaunchTests.swift in Sources */ = {isa = PBXBuildFile; fileRef = F894A95E27AF1E21000CB8D3 /* PreworkUITestsLaunchTests.swift */; };
		F894A96B27AF2E2A000CB8D3 /* ViewController.swift in Sources */ = {isa = PBXBuildFile; fileRef = F894A93F27AF1E1F000CB8D3 /* ViewController.swift */; };
		F894A96C27AF2E2A000CB8D3 /* ViewController.swift in Sources */ = {isa = PBXBuildFile; fileRef = F894A93F27AF1E1F000CB8D3 /* ViewController.swift */; };
/* End PBXBuildFile section */

/* Begin PBXContainerItemProxy section */
		F894A94F27AF1E21000CB8D3 /* PBXContainerItemProxy */ = {
			isa = PBXContainerItemProxy;
			containerPortal = F894A93027AF1E1F000CB8D3 /* Project object */;
			proxyType = 1;
			remoteGlobalIDString = F894A93727AF1E1F000CB8D3;
			remoteInfo = Prework;
		};
		F894A95927AF1E21000CB8D3 /* PBXContainerItemProxy */ = {
			isa = PBXContainerItemProxy;
			containerPortal = F894A93027AF1E1F000CB8D3 /* Project object */;
			proxyType = 1;
			remoteGlobalIDString = F894A93727AF1E1F000CB8D3;
			remoteInfo = Prework;
		};
/* End PBXContainerItemProxy section */

/* Begin PBXFileReference section */
		F894A93827AF1E1F000CB8D3 /* Prework.app */ = {isa = PBXFileReference; explicitFileType = wrapper.application; includeInIndex = 0; path = Prework.app; sourceTree = BUILT_PRODUCTS_DIR; };
		F894A93B27AF1E1F000CB8D3 /* AppDelegate.swift */ = {isa = PBXFileReference; lastKnownFileType = sourcecode.swift; path = AppDelegate.swift; sourceTree = "<group>"; };
		F894A93D27AF1E1F000CB8D3 /* SceneDelegate.swift */ = {isa = PBXFileReference; lastKnownFileType = sourcecode.swift; path = SceneDelegate.swift; sourceTree = "<group>"; };
		F894A93F27AF1E1F000CB8D3 /* ViewController.swift */ = {isa = PBXFileReference; lastKnownFileType = sourcecode.swift; path = ViewController.swift; sourceTree = "<group>"; };
		F894A94227AF1E1F000CB8D3 /* Base */ = {isa = PBXFileReference; lastKnownFileType = file.storyboard; name = Base; path = Base.lproj/Main.storyboard; sourceTree = "<group>"; };
		F894A94427AF1E20000CB8D3 /* Assets.xcassets */ = {isa = PBXFileReference; lastKnownFileType = folder.assetcatalog; path = Assets.xcassets; sourceTree = "<group>"; };
		F894A94727AF1E20000CB8D3 /* Base */ = {isa = PBXFileReference; lastKnownFileType = file.storyboard; name = Base; path = Base.lproj/LaunchScreen.storyboard; sourceTree = "<group>"; };
		F894A94927AF1E20000CB8D3 /* Info.plist */ = {isa = PBXFileReference; lastKnownFileType = text.plist.xml; path = Info.plist; sourceTree = "<group>"; };
		F894A94E27AF1E21000CB8D3 /* PreworkTests.xctest */ = {isa = PBXFileReference; explicitFileType = wrapper.cfbundle; includeInIndex = 0; path = PreworkTests.xctest; sourceTree = BUILT_PRODUCTS_DIR; };
		F894A95227AF1E21000CB8D3 /* PreworkTests.swift */ = {isa = PBXFileReference; lastKnownFileType = sourcecode.swift; path = PreworkTests.swift; sourceTree = "<group>"; };
		F894A95827AF1E21000CB8D3 /* PreworkUITests.xctest */ = {isa = PBXFileReference; explicitFileType = wrapper.cfbundle; includeInIndex = 0; path = PreworkUITests.xctest; sourceTree = BUILT_PRODUCTS_DIR; };
		F894A95C27AF1E21000CB8D3 /* PreworkUITests.swift */ = {isa = PBXFileReference; lastKnownFileType = sourcecode.swift; path = PreworkUITests.swift; sourceTree = "<group>"; };
		F894A95E27AF1E21000CB8D3 /* PreworkUITestsLaunchTests.swift */ = {isa = PBXFileReference; lastKnownFileType = sourcecode.swift; path = PreworkUITestsLaunchTests.swift; sourceTree = "<group>"; };
/* End PBXFileReference section */

/* Begin PBXFrameworksBuildPhase section */
		F894A93527AF1E1F000CB8D3 /* Frameworks */ = {
			isa = PBXFrameworksBuildPhase;
			buildActionMask = 2147483647;
			files = (
			);
			runOnlyForDeploymentPostprocessing = 0;
		};
		F894A94B27AF1E21000CB8D3 /* Frameworks */ = {
			isa = PBXFrameworksBuildPhase;
			buildActionMask = 2147483647;
			files = (
			);
			runOnlyForDeploymentPostprocessing = 0;
		};
		F894A95527AF1E21000CB8D3 /* Frameworks */ = {
			isa = PBXFrameworksBuildPhase;
			buildActionMask = 2147483647;
			files = (
			);
			runOnlyForDeploymentPostprocessing = 0;
		};
/* End PBXFrameworksBuildPhase section */

/* Begin PBXGroup section */
		F894A92F27AF1E1F000CB8D3 = {
			isa = PBXGroup;
			children = (
				F894A93A27AF1E1F000CB8D3 /* Prework */,
				F894A95127AF1E21000CB8D3 /* PreworkTests */,
				F894A95B27AF1E21000CB8D3 /* PreworkUITests */,
				F894A93927AF1E1F000CB8D3 /* Products */,
			);
			sourceTree = "<group>";
		};
		F894A93927AF1E1F000CB8D3 /* Products */ = {
			isa = PBXGroup;
			children = (
				F894A93827AF1E1F000CB8D3 /* Prework.app */,
				F894A94E27AF1E21000CB8D3 /* PreworkTests.xctest */,
				F894A95827AF1E21000CB8D3 /* PreworkUITests.xctest */,
			);
			name = Products;
			sourceTree = "<group>";
		};
		F894A93A27AF1E1F000CB8D3 /* Prework */ = {
			isa = PBXGroup;
			children = (
				F894A93B27AF1E1F000CB8D3 /* AppDelegate.swift */,
				F894A93D27AF1E1F000CB8D3 /* SceneDelegate.swift */,
				F894A93F27AF1E1F000CB8D3 /* ViewController.swift */,
				F894A94127AF1E1F000CB8D3 /* Main.storyboard */,
				F894A94427AF1E20000CB8D3 /* Assets.xcassets */,
				F894A94627AF1E20000CB8D3 /* LaunchScreen.storyboard */,
				F894A94927AF1E20000CB8D3 /* Info.plist */,
			);
			path = Prework;
			sourceTree = "<group>";
		};
		F894A95127AF1E21000CB8D3 /* PreworkTests */ = {
			isa = PBXGroup;
			children = (
				F894A95227AF1E21000CB8D3 /* PreworkTests.swift */,
			);
			path = PreworkTests;
			sourceTree = "<group>";
		};
		F894A95B27AF1E21000CB8D3 /* PreworkUITests */ = {
			isa = PBXGroup;
			children = (
				F894A95C27AF1E21000CB8D3 /* PreworkUITests.swift */,
				F894A95E27AF1E21000CB8D3 /* PreworkUITestsLaunchTests.swift */,
			);
			path = PreworkUITests;
			sourceTree = "<group>";
		};
/* End PBXGroup section */

/* Begin PBXNativeTarget section */
		F894A93727AF1E1F000CB8D3 /* Prework */ = {
			isa = PBXNativeTarget;
			buildConfigurationList = F894A96227AF1E21000CB8D3 /* Build configuration list for PBXNativeTarget "Prework" */;
			buildPhases = (
				F894A93427AF1E1F000CB8D3 /* Sources */,
				F894A93527AF1E1F000CB8D3 /* Frameworks */,
				F894A93627AF1E1F000CB8D3 /* Resources */,
			);
			buildRules = (
			);
			dependencies = (
			);
			name = Prework;
			productName = Prework;
			productReference = F894A93827AF1E1F000CB8D3 /* Prework.app */;
			productType = "com.apple.product-type.application";
		};
		F894A94D27AF1E21000CB8D3 /* PreworkTests */ = {
			isa = PBXNativeTarget;
			buildConfigurationList = F894A96527AF1E21000CB8D3 /* Build configuration list for PBXNativeTarget "PreworkTests" */;
			buildPhases = (
				F894A94A27AF1E21000CB8D3 /* Sources */,
				F894A94B27AF1E21000CB8D3 /* Frameworks */,
				F894A94C27AF1E21000CB8D3 /* Resources */,
			);
			buildRules = (
			);
			dependencies = (
				F894A95027AF1E21000CB8D3 /* PBXTargetDependency */,
			);
			name = PreworkTests;
			productName = PreworkTests;
			productReference = F894A94E27AF1E21000CB8D3 /* PreworkTests.xctest */;
			productType = "com.apple.product-type.bundle.unit-test";
		};
		F894A95727AF1E21000CB8D3 /* PreworkUITests */ = {
			isa = PBXNativeTarget;
			buildConfigurationList = F894A96827AF1E21000CB8D3 /* Build configuration list for PBXNativeTarget "PreworkUITests" */;
			buildPhases = (
				F894A95427AF1E21000CB8D3 /* Sources */,
				F894A95527AF1E21000CB8D3 /* Frameworks */,
				F894A95627AF1E21000CB8D3 /* Resources */,
			);
			buildRules = (
			);
			dependencies = (
				F894A95A27AF1E21000CB8D3 /* PBXTargetDependency */,
			);
			name = PreworkUITests;
			productName = PreworkUITests;
			productReference = F894A95827AF1E21000CB8D3 /* PreworkUITests.xctest */;
			productType = "com.apple.product-type.bundle.ui-testing";
		};
/* End PBXNativeTarget section */

/* Begin PBXProject section */
		F894A93027AF1E1F000CB8D3 /* Project object */ = {
			isa = PBXProject;
			attributes = {
				BuildIndependentTargetsInParallel = 1;
				LastSwiftUpdateCheck = 1320;
				LastUpgradeCheck = 1320;
				TargetAttributes = {
					F894A93727AF1E1F000CB8D3 = {
						CreatedOnToolsVersion = 13.2.1;
					};
					F894A94D27AF1E21000CB8D3 = {
						CreatedOnToolsVersion = 13.2.1;
						TestTargetID = F894A93727AF1E1F000CB8D3;
					};
					F894A95727AF1E21000CB8D3 = {
						CreatedOnToolsVersion = 13.2.1;
						TestTargetID = F894A93727AF1E1F000CB8D3;
					};
				};
			};
			buildConfigurationList = F894A93327AF1E1F000CB8D3 /* Build configuration list for PBXProject "Prework" */;
			compatibilityVersion = "Xcode 13.0";
			developmentRegion = en;
			hasScannedForEncodings = 0;
			knownRegions = (
				en,
				Base,
			);
			mainGroup = F894A92F27AF1E1F000CB8D3;
			productRefGroup = F894A93927AF1E1F000CB8D3 /* Products */;
			projectDirPath = "";
			projectRoot = "";
			targets = (
				F894A93727AF1E1F000CB8D3 /* Prework */,
				F894A94D27AF1E21000CB8D3 /* PreworkTests */,
				F894A95727AF1E21000CB8D3 /* PreworkUITests */,
			);
		};
/* End PBXProject section */

/* Begin PBXResourcesBuildPhase section */
		F894A93627AF1E1F000CB8D3 /* Resources */ = {
			isa = PBXResourcesBuildPhase;
			buildActionMask = 2147483647;
			files = (
				F894A94827AF1E20000CB8D3 /* LaunchScreen.storyboard in Resources */,
				F894A94527AF1E20000CB8D3 /* Assets.xcassets in Resources */,
				F894A94327AF1E1F000CB8D3 /* Main.storyboard in Resources */,
			);
			runOnlyForDeploymentPostprocessing = 0;
		};
		F894A94C27AF1E21000CB8D3 /* Resources */ = {
			isa = PBXResourcesBuildPhase;
			buildActionMask = 2147483647;
			files = (
			);
			runOnlyForDeploymentPostprocessing = 0;
		};
		F894A95627AF1E21000CB8D3 /* Resources */ = {
			isa = PBXResourcesBuildPhase;
			buildActionMask = 2147483647;
			files = (
			);
			runOnlyForDeploymentPostprocessing = 0;
		};
/* End PBXResourcesBuildPhase section */

/* Begin PBXSourcesBuildPhase section */
		F894A93427AF1E1F000CB8D3 /* Sources */ = {
			isa = PBXSourcesBuildPhase;
			buildActionMask = 2147483647;
			files = (
				F894A94027AF1E1F000CB8D3 /* ViewController.swift in Sources */,
				F894A93C27AF1E1F000CB8D3 /* AppDelegate.swift in Sources */,
				F894A93E27AF1E1F000CB8D3 /* SceneDelegate.swift in Sources */,
			);
			runOnlyForDeploymentPostprocessing = 0;
		};
		F894A94A27AF1E21000CB8D3 /* Sources */ = {
			isa = PBXSourcesBuildPhase;
			buildActionMask = 2147483647;
			files = (
				F894A96B27AF2E2A000CB8D3 /* ViewController.swift in Sources */,
				F894A95327AF1E21000CB8D3 /* PreworkTests.swift in Sources */,
			);
			runOnlyForDeploymentPostprocessing = 0;
		};
		F894A95427AF1E21000CB8D3 /* Sources */ = {
			isa = PBXSourcesBuildPhase;
			buildActionMask = 2147483647;
			files = (
				F894A96C27AF2E2A000CB8D3 /* ViewController.swift in Sources */,
				F894A95D27AF1E21000CB8D3 /* PreworkUITests.swift in Sources */,
				F894A95F27AF1E21000CB8D3 /* PreworkUITestsLaunchTests.swift in Sources */,
			);
			runOnlyForDeploymentPostprocessing = 0;
		};
/* End PBXSourcesBuildPhase section */

/* Begin PBXTargetDependency section */
		F894A95027AF1E21000CB8D3 /* PBXTargetDependency */ = {
			isa = PBXTargetDependency;
			target = F894A93727AF1E1F000CB8D3 /* Prework */;
			targetProxy = F894A94F27AF1E21000CB8D3 /* PBXContainerItemProxy */;
		};
		F894A95A27AF1E21000CB8D3 /* PBXTargetDependency */ = {
			isa = PBXTargetDependency;
			target = F894A93727AF1E1F000CB8D3 /* Prework */;
			targetProxy = F894A95927AF1E21000CB8D3 /* PBXContainerItemProxy */;
		};
/* End PBXTargetDependency section */

/* Begin PBXVariantGroup section */
		F894A94127AF1E1F000CB8D3 /* Main.storyboard */ = {
			isa = PBXVariantGroup;
			children = (
				F894A94227AF1E1F000CB8D3 /* Base */,
			);
			name = Main.storyboard;
			sourceTree = "<group>";
		};
		F894A94627AF1E20000CB8D3 /* LaunchScreen.storyboard */ = {
			isa = PBXVariantGroup;
			children = (
				F894A94727AF1E20000CB8D3 /* Base */,
			);
			name = LaunchScreen.storyboard;
			sourceTree = "<group>";
		};
/* End PBXVariantGroup section */

/* Begin XCBuildConfiguration section */
		F894A96027AF1E21000CB8D3 /* Debug */ = {
			isa = XCBuildConfiguration;
			buildSettings = {
				ALWAYS_SEARCH_USER_PATHS = NO;
				CLANG_ANALYZER_NONNULL = YES;
				CLANG_ANALYZER_NUMBER_OBJECT_CONVERSION = YES_AGGRESSIVE;
				CLANG_CXX_LANGUAGE_STANDARD = "gnu++17";
				CLANG_CXX_LIBRARY = "libc++";
				CLANG_ENABLE_MODULES = YES;
				CLANG_ENABLE_OBJC_ARC = YES;
				CLANG_ENABLE_OBJC_WEAK = YES;
				CLANG_WARN_BLOCK_CAPTURE_AUTORELEASING = YES;
				CLANG_WARN_BOOL_CONVERSION = YES;
				CLANG_WARN_COMMA = YES;
				CLANG_WARN_CONSTANT_CONVERSION = YES;
				CLANG_WARN_DEPRECATED_OBJC_IMPLEMENTATIONS = YES;
				CLANG_WARN_DIRECT_OBJC_ISA_USAGE = YES_ERROR;
				CLANG_WARN_DOCUMENTATION_COMMENTS = YES;
				CLANG_WARN_EMPTY_BODY = YES;
				CLANG_WARN_ENUM_CONVERSION = YES;
				CLANG_WARN_INFINITE_RECURSION = YES;
				CLANG_WARN_INT_CONVERSION = YES;
				CLANG_WARN_NON_LITERAL_NULL_CONVERSION = YES;
				CLANG_WARN_OBJC_IMPLICIT_RETAIN_SELF = YES;
				CLANG_WARN_OBJC_LITERAL_CONVERSION = YES;
				CLANG_WARN_OBJC_ROOT_CLASS = YES_ERROR;
				CLANG_WARN_QUOTED_INCLUDE_IN_FRAMEWORK_HEADER = YES;
				CLANG_WARN_RANGE_LOOP_ANALYSIS = YES;
				CLANG_WARN_STRICT_PROTOTYPES = YES;
				CLANG_WARN_SUSPICIOUS_MOVE = YES;
				CLANG_WARN_UNGUARDED_AVAILABILITY = YES_AGGRESSIVE;
				CLANG_WARN_UNREACHABLE_CODE = YES;
				CLANG_WARN__DUPLICATE_METHOD_MATCH = YES;
				COPY_PHASE_STRIP = NO;
				DEBUG_INFORMATION_FORMAT = dwarf;
				ENABLE_STRICT_OBJC_MSGSEND = YES;
				ENABLE_TESTABILITY = YES;
				GCC_C_LANGUAGE_STANDARD = gnu11;
				GCC_DYNAMIC_NO_PIC = NO;
				GCC_NO_COMMON_BLOCKS = YES;
				GCC_OPTIMIZATION_LEVEL = 0;
				GCC_PREPROCESSOR_DEFINITIONS = (
					"DEBUG=1",
					"$(inherited)",
				);
				GCC_WARN_64_TO_32_BIT_CONVERSION = YES;
				GCC_WARN_ABOUT_RETURN_TYPE = YES_ERROR;
				GCC_WARN_UNDECLARED_SELECTOR = YES;
				GCC_WARN_UNINITIALIZED_AUTOS = YES_AGGRESSIVE;
				GCC_WARN_UNUSED_FUNCTION = YES;
				GCC_WARN_UNUSED_VARIABLE = YES;
				IPHONEOS_DEPLOYMENT_TARGET = 15.2;
				MTL_ENABLE_DEBUG_INFO = INCLUDE_SOURCE;
				MTL_FAST_MATH = YES;
				ONLY_ACTIVE_ARCH = YES;
				SDKROOT = iphoneos;
				SWIFT_ACTIVE_COMPILATION_CONDITIONS = DEBUG;
				SWIFT_OPTIMIZATION_LEVEL = "-Onone";
			};
			name = Debug;
		};
		F894A96127AF1E21000CB8D3 /* Release */ = {
			isa = XCBuildConfiguration;
			buildSettings = {
				ALWAYS_SEARCH_USER_PATHS = NO;
				CLANG_ANALYZER_NONNULL = YES;
				CLANG_ANALYZER_NUMBER_OBJECT_CONVERSION = YES_AGGRESSIVE;
				CLANG_CXX_LANGUAGE_STANDARD = "gnu++17";
				CLANG_CXX_LIBRARY = "libc++";
				CLANG_ENABLE_MODULES = YES;
				CLANG_ENABLE_OBJC_ARC = YES;
				CLANG_ENABLE_OBJC_WEAK = YES;
				CLANG_WARN_BLOCK_CAPTURE_AUTORELEASING = YES;
				CLANG_WARN_BOOL_CONVERSION = YES;
				CLANG_WARN_COMMA = YES;
				CLANG_WARN_CONSTANT_CONVERSION = YES;
				CLANG_WARN_DEPRECATED_OBJC_IMPLEMENTATIONS = YES;
				CLANG_WARN_DIRECT_OBJC_ISA_USAGE = YES_ERROR;
				CLANG_WARN_DOCUMENTATION_COMMENTS = YES;
				CLANG_WARN_EMPTY_BODY = YES;
				CLANG_WARN_ENUM_CONVERSION = YES;
				CLANG_WARN_INFINITE_RECURSION = YES;
				CLANG_WARN_INT_CONVERSION = YES;
				CLANG_WARN_NON_LITERAL_NULL_CONVERSION = YES;
				CLANG_WARN_OBJC_IMPLICIT_RETAIN_SELF = YES;
				CLANG_WARN_OBJC_LITERAL_CONVERSION = YES;
				CLANG_WARN_OBJC_ROOT_CLASS = YES_ERROR;
				CLANG_WARN_QUOTED_INCLUDE_IN_FRAMEWORK_HEADER = YES;
				CLANG_WARN_RANGE_LOOP_ANALYSIS = YES;
				CLANG_WARN_STRICT_PROTOTYPES = YES;
				CLANG_WARN_SUSPICIOUS_MOVE = YES;
				CLANG_WARN_UNGUARDED_AVAILABILITY = YES_AGGRESSIVE;
				CLANG_WARN_UNREACHABLE_CODE = YES;
				CLANG_WARN__DUPLICATE_METHOD_MATCH = YES;
				COPY_PHASE_STRIP = NO;
				DEBUG_INFORMATION_FORMAT = "dwarf-with-dsym";
				ENABLE_NS_ASSERTIONS = NO;
				ENABLE_STRICT_OBJC_MSGSEND = YES;
				GCC_C_LANGUAGE_STANDARD = gnu11;
				GCC_NO_COMMON_BLOCKS = YES;
				GCC_WARN_64_TO_32_BIT_CONVERSION = YES;
				GCC_WARN_ABOUT_RETURN_TYPE = YES_ERROR;
				GCC_WARN_UNDECLARED_SELECTOR = YES;
				GCC_WARN_UNINITIALIZED_AUTOS = YES_AGGRESSIVE;
				GCC_WARN_UNUSED_FUNCTION = YES;
				GCC_WARN_UNUSED_VARIABLE = YES;
				IPHONEOS_DEPLOYMENT_TARGET = 15.2;
				MTL_ENABLE_DEBUG_INFO = NO;
				MTL_FAST_MATH = YES;
				SDKROOT = iphoneos;
				SWIFT_COMPILATION_MODE = wholemodule;
				SWIFT_OPTIMIZATION_LEVEL = "-O";
				VALIDATE_PRODUCT = YES;
			};
			name = Release;
		};
		F894A96327AF1E21000CB8D3 /* Debug */ = {
			isa = XCBuildConfiguration;
			buildSettings = {
				ASSETCATALOG_COMPILER_APPICON_NAME = AppIcon;
				ASSETCATALOG_COMPILER_GLOBAL_ACCENT_COLOR_NAME = AccentColor;
				CODE_SIGN_STYLE = Automatic;
				CURRENT_PROJECT_VERSION = 1;
				DEVELOPMENT_TEAM = P2PP2PJTPA;
				GENERATE_INFOPLIST_FILE = YES;
				INFOPLIST_FILE = Prework/Info.plist;
				INFOPLIST_KEY_CFBundleDisplayName = "Tip Calculator";
				INFOPLIST_KEY_UIApplicationSupportsIndirectInputEvents = YES;
				INFOPLIST_KEY_UILaunchStoryboardName = LaunchScreen;
				INFOPLIST_KEY_UIMainStoryboardFile = Main;
				INFOPLIST_KEY_UISupportedInterfaceOrientations_iPad = "UIInterfaceOrientationPortrait UIInterfaceOrientationPortraitUpsideDown UIInterfaceOrientationLandscapeLeft UIInterfaceOrientationLandscapeRight";
				INFOPLIST_KEY_UISupportedInterfaceOrientations_iPhone = "UIInterfaceOrientationPortrait UIInterfaceOrientationLandscapeLeft UIInterfaceOrientationLandscapeRight";
				LD_RUNPATH_SEARCH_PATHS = (
					"$(inherited)",
					"@executable_path/Frameworks",
				);
				MARKETING_VERSION = 1.0;
				PRODUCT_BUNDLE_IDENTIFIER = memo.com.Prework;
				PRODUCT_NAME = "$(TARGET_NAME)";
				SWIFT_EMIT_LOC_STRINGS = YES;
				SWIFT_VERSION = 5.0;
				TARGETED_DEVICE_FAMILY = "1,2";
			};
			name = Debug;
		};
		F894A96427AF1E21000CB8D3 /* Release */ = {
			isa = XCBuildConfiguration;
			buildSettings = {
				ASSETCATALOG_COMPILER_APPICON_NAME = AppIcon;
				ASSETCATALOG_COMPILER_GLOBAL_ACCENT_COLOR_NAME = AccentColor;
				CODE_SIGN_STYLE = Automatic;
				CURRENT_PROJECT_VERSION = 1;
				DEVELOPMENT_TEAM = P2PP2PJTPA;
				GENERATE_INFOPLIST_FILE = YES;
				INFOPLIST_FILE = Prework/Info.plist;
				INFOPLIST_KEY_CFBundleDisplayName = "Tip Calculator";
				INFOPLIST_KEY_UIApplicationSupportsIndirectInputEvents = YES;
				INFOPLIST_KEY_UILaunchStoryboardName = LaunchScreen;
				INFOPLIST_KEY_UIMainStoryboardFile = Main;
				INFOPLIST_KEY_UISupportedInterfaceOrientations_iPad = "UIInterfaceOrientationPortrait UIInterfaceOrientationPortraitUpsideDown UIInterfaceOrientationLandscapeLeft UIInterfaceOrientationLandscapeRight";
				INFOPLIST_KEY_UISupportedInterfaceOrientations_iPhone = "UIInterfaceOrientationPortrait UIInterfaceOrientationLandscapeLeft UIInterfaceOrientationLandscapeRight";
				LD_RUNPATH_SEARCH_PATHS = (
					"$(inherited)",
					"@executable_path/Frameworks",
				);
				MARKETING_VERSION = 1.0;
				PRODUCT_BUNDLE_IDENTIFIER = memo.com.Prework;
				PRODUCT_NAME = "$(TARGET_NAME)";
				SWIFT_EMIT_LOC_STRINGS = YES;
				SWIFT_VERSION = 5.0;
				TARGETED_DEVICE_FAMILY = "1,2";
			};
			name = Release;
		};
		F894A96627AF1E21000CB8D3 /* Debug */ = {
			isa = XCBuildConfiguration;
			buildSettings = {
				ALWAYS_EMBED_SWIFT_STANDARD_LIBRARIES = YES;
				BUNDLE_LOADER = "$(TEST_HOST)";
				CODE_SIGN_STYLE = Automatic;
				CURRENT_PROJECT_VERSION = 1;
				DEVELOPMENT_TEAM = P2PP2PJTPA;
				GENERATE_INFOPLIST_FILE = YES;
				IPHONEOS_DEPLOYMENT_TARGET = 15.2;
				MARKETING_VERSION = 1.0;
				PRODUCT_BUNDLE_IDENTIFIER = memo.com.PreworkTests;
				PRODUCT_NAME = "$(TARGET_NAME)";
				SWIFT_EMIT_LOC_STRINGS = NO;
				SWIFT_VERSION = 5.0;
				TARGETED_DEVICE_FAMILY = "1,2";
				TEST_HOST = "$(BUILT_PRODUCTS_DIR)/Prework.app/Prework";
			};
			name = Debug;
		};
		F894A96727AF1E21000CB8D3 /* Release */ = {
			isa = XCBuildConfiguration;
			buildSettings = {
				ALWAYS_EMBED_SWIFT_STANDARD_LIBRARIES = YES;
				BUNDLE_LOADER = "$(TEST_HOST)";
				CODE_SIGN_STYLE = Automatic;
				CURRENT_PROJECT_VERSION = 1;
				DEVELOPMENT_TEAM = P2PP2PJTPA;
				GENERATE_INFOPLIST_FILE = YES;
				IPHONEOS_DEPLOYMENT_TARGET = 15.2;
				MARKETING_VERSION = 1.0;
				PRODUCT_BUNDLE_IDENTIFIER = memo.com.PreworkTests;
				PRODUCT_NAME = "$(TARGET_NAME)";
				SWIFT_EMIT_LOC_STRINGS = NO;
				SWIFT_VERSION = 5.0;
				TARGETED_DEVICE_FAMILY = "1,2";
				TEST_HOST = "$(BUILT_PRODUCTS_DIR)/Prework.app/Prework";
			};
			name = Release;
		};
		F894A96927AF1E21000CB8D3 /* Debug */ = {
			isa = XCBuildConfiguration;
			buildSettings = {
				ALWAYS_EMBED_SWIFT_STANDARD_LIBRARIES = YES;
				CODE_SIGN_STYLE = Automatic;
				CURRENT_PROJECT_VERSION = 1;
				DEVELOPMENT_TEAM = P2PP2PJTPA;
				GENERATE_INFOPLIST_FILE = YES;
				MARKETING_VERSION = 1.0;
				PRODUCT_BUNDLE_IDENTIFIER = memo.com.PreworkUITests;
				PRODUCT_NAME = "$(TARGET_NAME)";
				SWIFT_EMIT_LOC_STRINGS = NO;
				SWIFT_VERSION = 5.0;
				TARGETED_DEVICE_FAMILY = "1,2";
				TEST_TARGET_NAME = Prework;
			};
			name = Debug;
		};
		F894A96A27AF1E21000CB8D3 /* Release */ = {
			isa = XCBuildConfiguration;
			buildSettings = {
				ALWAYS_EMBED_SWIFT_STANDARD_LIBRARIES = YES;
				CODE_SIGN_STYLE = Automatic;
				CURRENT_PROJECT_VERSION = 1;
				DEVELOPMENT_TEAM = P2PP2PJTPA;
				GENERATE_INFOPLIST_FILE = YES;
				MARKETING_VERSION = 1.0;
				PRODUCT_BUNDLE_IDENTIFIER = memo.com.PreworkUITests;
				PRODUCT_NAME = "$(TARGET_NAME)";
				SWIFT_EMIT_LOC_STRINGS = NO;
				SWIFT_VERSION = 5.0;
				TARGETED_DEVICE_FAMILY = "1,2";
				TEST_TARGET_NAME = Prework;
			};
			name = Release;
		};
/* End XCBuildConfiguration section */

/* Begin XCConfigurationList section */
		F894A93327AF1E1F000CB8D3 /* Build configuration list for PBXProject "Prework" */ = {
			isa = XCConfigurationList;
			buildConfigurations = (
				F894A96027AF1E21000CB8D3 /* Debug */,
				F894A96127AF1E21000CB8D3 /* Release */,
			);
			defaultConfigurationIsVisible = 0;
			defaultConfigurationName = Release;
		};
		F894A96227AF1E21000CB8D3 /* Build configuration list for PBXNativeTarget "Prework" */ = {
			isa = XCConfigurationList;
			buildConfigurations = (
				F894A96327AF1E21000CB8D3 /* Debug */,
				F894A96427AF1E21000CB8D3 /* Release */,
			);
			defaultConfigurationIsVisible = 0;
			defaultConfigurationName = Release;
		};
		F894A96527AF1E21000CB8D3 /* Build configuration list for PBXNativeTarget "PreworkTests" */ = {
			isa = XCConfigurationList;
			buildConfigurations = (
				F894A96627AF1E21000CB8D3 /* Debug */,
				F894A96727AF1E21000CB8D3 /* Release */,
			);
			defaultConfigurationIsVisible = 0;
			defaultConfigurationName = Release;
		};
		F894A96827AF1E21000CB8D3 /* Build configuration list for PBXNativeTarget "PreworkUITests" */ = {
			isa = XCConfigurationList;
			buildConfigurations = (
				F894A96927AF1E21000CB8D3 /* Debug */,
				F894A96A27AF1E21000CB8D3 /* Release */,
			);
			defaultConfigurationIsVisible = 0;
			defaultConfigurationName = Release;
		};
/* End XCConfigurationList section */
	};
	rootObject = F894A93027AF1E1F000CB8D3 /* Project object */;
}
